
Microsoft Visual Studio Solution File, Format Version 12.00
# Visual Studio 15
VisualStudioVersion = 15.0.28010.2041
MinimumVisualStudioVersion = 10.0.40219.1
Project("{FAE04EC0-301F-11D3-BF4B-00C04F79EFBC}") = "Lab 7", "Lab 7\Lab 7.csproj", "{C3213C3C-E1BA-4671-ACDF-A4B7AC6D6001}"
EndProject
Global
	GlobalSection(SolutionConfigurationPlatforms) = preSolution
		Debug|Any CPU = Debug|Any CPU
		Release|Any CPU = Release|Any CPU
	EndGlobalSection
	GlobalSection(ProjectConfigurationPlatforms) = postSolution
		{C3213C3C-E1BA-4671-ACDF-A4B7AC6D6001}.Debug|Any CPU.ActiveCfg = Debug|Any CPU
		{C3213C3C-E1BA-4671-ACDF-A4B7AC6D6001}.Debug|Any CPU.Build.0 = Debug|Any CPU
		{C3213C3C-E1BA-4671-ACDF-A4B7AC6D6001}.Release|Any CPU.ActiveCfg = Release|Any CPU
		{C3213C3C-E1BA-4671-ACDF-A4B7AC6D6001}.Release|Any CPU.Build.0 = Release|Any CPU
	EndGlobalSection
	GlobalSection(SolutionProperties) = preSolution
		HideSolutionNode = FALSE
	EndGlobalSection
	GlobalSection(ExtensibilityGlobals) = postSolution
		SolutionGuid = {C7552A39-A42C-4689-851C-29E49F029CE7}
	EndGlobalSection
EndGlobal
